
Microsoft Visual Studio Solution File, Format Version 12.00
# Visual Studio 15
VisualStudioVersion = 15.0.28307.136
MinimumVisualStudioVersion = 10.0.40219.1
Project("{9A19103F-16F7-4668-BE54-9A1E7A4F7556}") = "WeatherConsole", "WeatherConsole\WeatherConsole.csproj", "{6201002B-7DEF-4F3A-A691-EF85E3BA9E22}"
EndProject
Project("{FAE04EC0-301F-11D3-BF4B-00C04F79EFBC}") = "WeatherTest", "WeatherTest\WeatherTest.csproj", "{65575071-D781-4EFD-97D7-CA77246CFA48}"
EndProject
Global
	GlobalSection(SolutionConfigurationPlatforms) = preSolution
		Debug|Any CPU = Debug|Any CPU
		Release|Any CPU = Release|Any CPU
	EndGlobalSection
	GlobalSection(ProjectConfigurationPlatforms) = postSolution
		{6201002B-7DEF-4F3A-A691-EF85E3BA9E22}.Debug|Any CPU.ActiveCfg = Debug|Any CPU
		{6201002B-7DEF-4F3A-A691-EF85E3BA9E22}.Debug|Any CPU.Build.0 = Debug|Any CPU
		{6201002B-7DEF-4F3A-A691-EF85E3BA9E22}.Release|Any CPU.ActiveCfg = Release|Any CPU
		{6201002B-7DEF-4F3A-A691-EF85E3BA9E22}.Release|Any CPU.Build.0 = Release|Any CPU
		{65575071-D781-4EFD-97D7-CA77246CFA48}.Debug|Any CPU.ActiveCfg = Debug|Any CPU
		{65575071-D781-4EFD-97D7-CA77246CFA48}.Debug|Any CPU.Build.0 = Debug|Any CPU
		{65575071-D781-4EFD-97D7-CA77246CFA48}.Release|Any CPU.ActiveCfg = Release|Any CPU
		{65575071-D781-4EFD-97D7-CA77246CFA48}.Release|Any CPU.Build.0 = Release|Any CPU
	EndGlobalSection
	GlobalSection(SolutionProperties) = preSolution
		HideSolutionNode = FALSE
	EndGlobalSection
	GlobalSection(ExtensibilityGlobals) = postSolution
		SolutionGuid = {3BCE14A0-F296-4F6F-9B68-258D43B0D450}
	EndGlobalSection
EndGlobal
